<?xml version="1.0" encoding="UTF-8" standalone="yes" ?>
<CodeBlocks_project_file>
   <FileVersion major="1" minor="6" />
   <Project>
      <Option title="MPCHonestMajorityNoTriples" />
      <Option makefile_is_custom="1" />
      <Option compiler="gcc" />
      <Option virtualFolders="CMake Files\;" />
      <Build>
      <Target title="all">
         <Option working_dir="/home/meital/ClionProjects/MPCHonestMajorityNoTriples" />
         <Option type="4" />
         <MakeCommands>
            <Build command="/usr/bin/make -f &quot;/home/meital/ClionProjects/MPCHonestMajorityNoTriples/Makefile&quot;  VERBOSE=1 all" />
            <CompileFile command="/usr/bin/make -f &quot;/home/meital/ClionProjects/MPCHonestMajorityNoTriples/Makefile&quot;  VERBOSE=1 &quot;$file&quot;" />
            <Clean command="/usr/bin/make -f &quot;/home/meital/ClionProjects/MPCHonestMajorityNoTriples/Makefile&quot;  VERBOSE=1 clean" />
            <DistClean command="/usr/bin/make -f &quot;/home/meital/ClionProjects/MPCHonestMajorityNoTriples/Makefile&quot;  VERBOSE=1 clean" />
         </MakeCommands>
      </Target>
      <Target title="edit_cache">
         <Option working_dir="/home/meital/ClionProjects/MPCHonestMajorityNoTriples" />
         <Option type="4" />
         <MakeCommands>
            <Build command="/usr/bin/make -f &quot;/home/meital/ClionProjects/MPCHonestMajorityNoTriples/Makefile&quot;  VERBOSE=1 edit_cache" />
            <CompileFile command="/usr/bin/make -f &quot;/home/meital/ClionProjects/MPCHonestMajorityNoTriples/Makefile&quot;  VERBOSE=1 &quot;$file&quot;" />
            <Clean command="/usr/bin/make -f &quot;/home/meital/ClionProjects/MPCHonestMajorityNoTriples/Makefile&quot;  VERBOSE=1 clean" />
            <DistClean command="/usr/bin/make -f &quot;/home/meital/ClionProjects/MPCHonestMajorityNoTriples/Makefile&quot;  VERBOSE=1 clean" />
         </MakeCommands>
      </Target>
      <Target title="MPCHonestMajorityNoTriples">
         <Option output="/home/meital/ClionProjects/MPCHonestMajorityNoTriples/MPCHonestMajorityNoTriples" prefix_auto="0" extension_auto="0" />
         <Option working_dir="/home/meital/ClionProjects/MPCHonestMajorityNoTriples" />
         <Option object_output="./" />
         <Option type="1" />
         <Option compiler="gcc" />
         <Compiler>
            <Add directory="/home/meital" />
            <Add directory="/home/meital/boost_1_64_0" />
            <Add directory="/home/meital/libscapi/lib" />
            <Add directory="/home/meital/libscapi/lib/OTExtensionBristol" />
            <Add directory="/home/meital/ntl-9.10.0/include" />
            <Add directory="/usr/include" />
            <Add directory="/usr/include/c++/6" />
            <Add directory="/usr/include/c++/6/backward" />
            <Add directory="/usr/include/x86_64-linux-gnu" />
            <Add directory="/usr/include/x86_64-linux-gnu/c++/6" />
            <Add directory="/usr/lib/gcc/x86_64-linux-gnu/6/include" />
            <Add directory="/usr/lib/gcc/x86_64-linux-gnu/6/include-fixed" />
            <Add directory="/usr/local/include" />
         </Compiler>
         <MakeCommands>
            <Build command="/usr/bin/make -f &quot;/home/meital/ClionProjects/MPCHonestMajorityNoTriples/Makefile&quot;  VERBOSE=1 MPCHonestMajorityNoTriples" />
            <CompileFile command="/usr/bin/make -f &quot;/home/meital/ClionProjects/MPCHonestMajorityNoTriples/Makefile&quot;  VERBOSE=1 &quot;$file&quot;" />
            <Clean command="/usr/bin/make -f &quot;/home/meital/ClionProjects/MPCHonestMajorityNoTriples/Makefile&quot;  VERBOSE=1 clean" />
            <DistClean command="/usr/bin/make -f &quot;/home/meital/ClionProjects/MPCHonestMajorityNoTriples/Makefile&quot;  VERBOSE=1 clean" />
         </MakeCommands>
      </Target>
      <Target title="MPCHonestMajorityNoTriples/fast">
         <Option output="/home/meital/ClionProjects/MPCHonestMajorityNoTriples/MPCHonestMajorityNoTriples" prefix_auto="0" extension_auto="0" />
         <Option working_dir="/home/meital/ClionProjects/MPCHonestMajorityNoTriples" />
         <Option object_output="./" />
         <Option type="1" />
         <Option compiler="gcc" />
         <Compiler>
            <Add directory="/home/meital" />
            <Add directory="/home/meital/boost_1_64_0" />
            <Add directory="/home/meital/libscapi/lib" />
            <Add directory="/home/meital/libscapi/lib/OTExtensionBristol" />
            <Add directory="/home/meital/ntl-9.10.0/include" />
            <Add directory="/usr/include" />
            <Add directory="/usr/include/c++/6" />
            <Add directory="/usr/include/c++/6/backward" />
            <Add directory="/usr/include/x86_64-linux-gnu" />
            <Add directory="/usr/include/x86_64-linux-gnu/c++/6" />
            <Add directory="/usr/lib/gcc/x86_64-linux-gnu/6/include" />
            <Add directory="/usr/lib/gcc/x86_64-linux-gnu/6/include-fixed" />
            <Add directory="/usr/local/include" />
         </Compiler>
         <MakeCommands>
            <Build command="/usr/bin/make -f &quot;/home/meital/ClionProjects/MPCHonestMajorityNoTriples/Makefile&quot;  VERBOSE=1 MPCHonestMajorityNoTriples/fast" />
            <CompileFile command="/usr/bin/make -f &quot;/home/meital/ClionProjects/MPCHonestMajorityNoTriples/Makefile&quot;  VERBOSE=1 &quot;$file&quot;" />
            <Clean command="/usr/bin/make -f &quot;/home/meital/ClionProjects/MPCHonestMajorityNoTriples/Makefile&quot;  VERBOSE=1 clean" />
            <DistClean command="/usr/bin/make -f &quot;/home/meital/ClionProjects/MPCHonestMajorityNoTriples/Makefile&quot;  VERBOSE=1 clean" />
         </MakeCommands>
      </Target>
      <Target title="rebuild_cache">
         <Option working_dir="/home/meital/ClionProjects/MPCHonestMajorityNoTriples" />
         <Option type="4" />
         <MakeCommands>
            <Build command="/usr/bin/make -f &quot;/home/meital/ClionProjects/MPCHonestMajorityNoTriples/Makefile&quot;  VERBOSE=1 rebuild_cache" />
            <CompileFile command="/usr/bin/make -f &quot;/home/meital/ClionProjects/MPCHonestMajorityNoTriples/Makefile&quot;  VERBOSE=1 &quot;$file&quot;" />
            <Clean command="/usr/bin/make -f &quot;/home/meital/ClionProjects/MPCHonestMajorityNoTriples/Makefile&quot;  VERBOSE=1 clean" />
            <DistClean command="/usr/bin/make -f &quot;/home/meital/ClionProjects/MPCHonestMajorityNoTriples/Makefile&quot;  VERBOSE=1 clean" />
         </MakeCommands>
      </Target>
      </Build>
      <Unit filename="/home/meital/ClionProjects/MPCHonestMajorityNoTriples/AES_PRG.cpp">
         <Option target="MPCHonestMajorityNoTriples"/>
      </Unit>
      <Unit filename="/home/meital/ClionProjects/MPCHonestMajorityNoTriples/AES_PRG.h">
         <Option target="MPCHonestMajorityNoTriples"/>
      </Unit>
      <Unit filename="/home/meital/ClionProjects/MPCHonestMajorityNoTriples/ArithmeticCircuit.cpp">
         <Option target="MPCHonestMajorityNoTriples"/>
      </Unit>
      <Unit filename="/home/meital/ClionProjects/MPCHonestMajorityNoTriples/ArithmeticCircuit.h">
         <Option target="MPCHonestMajorityNoTriples"/>
      </Unit>
      <Unit filename="/home/meital/ClionProjects/MPCHonestMajorityNoTriples/HIM.cpp">
         <Option target="MPCHonestMajorityNoTriples"/>
      </Unit>
      <Unit filename="/home/meital/ClionProjects/MPCHonestMajorityNoTriples/HIM.h">
         <Option target="MPCHonestMajorityNoTriples"/>
      </Unit>
      <Unit filename="/home/meital/ClionProjects/MPCHonestMajorityNoTriples/HashAbstract.h">
         <Option target="MPCHonestMajorityNoTriples"/>
      </Unit>
      <Unit filename="/home/meital/ClionProjects/MPCHonestMajorityNoTriples/HashEncrypt.cpp">
         <Option target="MPCHonestMajorityNoTriples"/>
      </Unit>
      <Unit filename="/home/meital/ClionProjects/MPCHonestMajorityNoTriples/HashEncrypt.h">
         <Option target="MPCHonestMajorityNoTriples"/>
      </Unit>
      <Unit filename="/home/meital/ClionProjects/MPCHonestMajorityNoTriples/MPCCommunication.cpp">
         <Option target="MPCHonestMajorityNoTriples"/>
      </Unit>
      <Unit filename="/home/meital/ClionProjects/MPCHonestMajorityNoTriples/MPCCommunication.h">
         <Option target="MPCHonestMajorityNoTriples"/>
      </Unit>
      <Unit filename="/home/meital/ClionProjects/MPCHonestMajorityNoTriples/Protocol.cpp">
         <Option target="MPCHonestMajorityNoTriples"/>
      </Unit>
      <Unit filename="/home/meital/ClionProjects/MPCHonestMajorityNoTriples/Protocol.h">
         <Option target="MPCHonestMajorityNoTriples"/>
      </Unit>
      <Unit filename="/home/meital/ClionProjects/MPCHonestMajorityNoTriples/ProtocolTimer.cpp">
         <Option target="MPCHonestMajorityNoTriples"/>
      </Unit>
      <Unit filename="/home/meital/ClionProjects/MPCHonestMajorityNoTriples/ProtocolTimer.h">
         <Option target="MPCHonestMajorityNoTriples"/>
      </Unit>
      <Unit filename="/home/meital/ClionProjects/MPCHonestMajorityNoTriples/TGate.h">
         <Option target="MPCHonestMajorityNoTriples"/>
      </Unit>
      <Unit filename="/home/meital/ClionProjects/MPCHonestMajorityNoTriples/TemplateField.cpp">
         <Option target="MPCHonestMajorityNoTriples"/>
      </Unit>
      <Unit filename="/home/meital/ClionProjects/MPCHonestMajorityNoTriples/TemplateField.h">
         <Option target="MPCHonestMajorityNoTriples"/>
      </Unit>
      <Unit filename="/home/meital/ClionProjects/MPCHonestMajorityNoTriples/VDM.cpp">
         <Option target="MPCHonestMajorityNoTriples"/>
      </Unit>
      <Unit filename="/home/meital/ClionProjects/MPCHonestMajorityNoTriples/VDM.h">
         <Option target="MPCHonestMajorityNoTriples"/>
      </Unit>
      <Unit filename="/home/meital/ClionProjects/MPCHonestMajorityNoTriples/ZpKaratsubaElement.cpp">
         <Option target="MPCHonestMajorityNoTriples"/>
      </Unit>
      <Unit filename="/home/meital/ClionProjects/MPCHonestMajorityNoTriples/ZpKaratsubaElement.h">
         <Option target="MPCHonestMajorityNoTriples"/>
      </Unit>
      <Unit filename="/home/meital/ClionProjects/MPCHonestMajorityNoTriples/ZpMersenneIntElement.cpp">
         <Option target="MPCHonestMajorityNoTriples"/>
      </Unit>
      <Unit filename="/home/meital/ClionProjects/MPCHonestMajorityNoTriples/ZpMersenneIntElement.h">
         <Option target="MPCHonestMajorityNoTriples"/>
      </Unit>
      <Unit filename="/home/meital/ClionProjects/MPCHonestMajorityNoTriples/ZpMersenneLongElement.cpp">
         <Option target="MPCHonestMajorityNoTriples"/>
      </Unit>
      <Unit filename="/home/meital/ClionProjects/MPCHonestMajorityNoTriples/ZpMersenneLongElement.h">
         <Option target="MPCHonestMajorityNoTriples"/>
      </Unit>
      <Unit filename="/home/meital/ClionProjects/MPCHonestMajorityNoTriples/main.cpp">
         <Option target="MPCHonestMajorityNoTriples"/>
      </Unit>
      <Unit filename="/home/meital/ClionProjects/MPCHonestMajorityNoTriples/CMakeLists.txt">
          <Option virtualFolder="CMake Files\" />
      </Unit>
   </Project>
</CodeBlocks_project_file>
